<?xml version="1.0" encoding="utf-8"?>
<Project ToolsVersion="4.0" xmlns="http://schemas.microsoft.com/developer/msbuild/2003">
  <ItemGroup>
    <Filter Include="Padawan">
      <UniqueIdentifier>{01C97FFB-6DA8-FE96-76C0-896DE21E65F8}</UniqueIdentifier>
    </Filter>
  </ItemGroup>
  <ItemGroup>
    <ClInclude Include="src\Padawan.h" />
    <ClInclude Include="src\Padawan\Application.h">
      <Filter>Padawan</Filter>
    </ClInclude>
    <ClInclude Include="src\Padawan\Core.h">
      <Filter>Padawan</Filter>
    </ClInclude>
    <ClInclude Include="src\Padawan\EntryPoint.h">
      <Filter>Padawan</Filter>
    </ClInclude>
    <ClInclude Include="src\Padawan\Log.h">
      <Filter>Padawan</Filter>
    </ClInclude>
  </ItemGroup>
  <ItemGroup>
    <ClCompile Include="src\Padawan\Application.cpp">
      <Filter>Padawan</Filter>
    </ClCompile>
    <ClCompile Include="src\Padawan\Log.cpp">
      <Filter>Padawan</Filter>
    </ClCompile>
  </ItemGroup>
</Project>